
Microsoft Visual Studio Solution File, Format Version 12.00
# Visual Studio Version 17
VisualStudioVersion = 17.8.34511.84
MinimumVisualStudioVersion = 10.0.40219.1
Project("{FAE04EC0-301F-11D3-BF4B-00C04F79EFBC}") = "PROG8051 Assign1", "PROG8051 Assign1.csproj", "{131247BF-FA40-4F02-A34F-BE6298165FB6}"
EndProject
Global
	GlobalSection(SolutionConfigurationPlatforms) = preSolution
		Debug|Any CPU = Debug|Any CPU
		Release|Any CPU = Release|Any CPU
	EndGlobalSection
	GlobalSection(ProjectConfigurationPlatforms) = postSolution
		{131247BF-FA40-4F02-A34F-BE6298165FB6}.Debug|Any CPU.ActiveCfg = Debug|Any CPU
		{131247BF-FA40-4F02-A34F-BE6298165FB6}.Debug|Any CPU.Build.0 = Debug|Any CPU
		{131247BF-FA40-4F02-A34F-BE6298165FB6}.Release|Any CPU.ActiveCfg = Release|Any CPU
		{131247BF-FA40-4F02-A34F-BE6298165FB6}.Release|Any CPU.Build.0 = Release|Any CPU
	EndGlobalSection
	GlobalSection(SolutionProperties) = preSolution
		HideSolutionNode = FALSE
	EndGlobalSection
	GlobalSection(ExtensibilityGlobals) = postSolution
		SolutionGuid = {57F7FD45-B776-4CE5-834C-D2DB9F35F523}
	EndGlobalSection
EndGlobal
